
Microsoft Visual Studio Solution File, Format Version 12.00
# Visual Studio Version 17
VisualStudioVersion = 17.5.33502.453
MinimumVisualStudioVersion = 10.0.40219.1
Project("{2150E333-8FDC-42A3-9474-1A3956D46DE8}") = "Services", "Services", "{DA949142-862A-488F-9080-2F02E0003C64}"
EndProject
Project("{2150E333-8FDC-42A3-9474-1A3956D46DE8}") = "Catalog", "Catalog", "{3BDC04A1-85B9-48A9-8498-A062F6415AFD}"
EndProject
Project("{9A19103F-16F7-4668-BE54-9A1E7A4F7556}") = "Catalog.API", "Services\Catalog\Catalog.API\Catalog.API.csproj", "{34A8E285-F599-417F-92E7-C6FE730C7ABA}"
EndProject
Project("{E53339B2-1760-4266-BCC7-CA923CBCF16C}") = "docker-compose", "docker-compose.dcproj", "{355F1649-94DD-47E1-860B-F3F5AB2F7F53}"
EndProject
Project("{2150E333-8FDC-42A3-9474-1A3956D46DE8}") = "Basket", "Basket", "{F8AA97EF-270E-4CBF-83BF-F31F5B4E30D4}"
EndProject
Project("{9A19103F-16F7-4668-BE54-9A1E7A4F7556}") = "Basket.API", "Services\Basket\Basket.API\Basket.API.csproj", "{8C70D1AB-DAD6-4FCB-A0A0-64D9699264A5}"
EndProject
Project("{2150E333-8FDC-42A3-9474-1A3956D46DE8}") = "Discount", "Discount", "{BD2712D0-FAC1-4EE4-83A2-F296F2852552}"
EndProject
Project("{9A19103F-16F7-4668-BE54-9A1E7A4F7556}") = "Discount.API", "Services\Discount\Discount.API\Discount.API.csproj", "{BC235547-5585-4C54-B8BD-1940E3B51718}"
EndProject
Project("{9A19103F-16F7-4668-BE54-9A1E7A4F7556}") = "Discount.Grpc", "Services\Discount\Discount.Grpc\Discount.Grpc.csproj", "{E1F305EB-4C56-4C34-8B89-4AF350574B81}"
EndProject
Project("{2150E333-8FDC-42A3-9474-1A3956D46DE8}") = "Ordering", "Ordering", "{D5772475-7C04-44E3-B0FC-9EA31275C148}"
EndProject
Project("{FAE04EC0-301F-11D3-BF4B-00C04F79EFBC}") = "Ordering.API", "Services\Ordering\Ordering.API\Ordering.API.csproj", "{6CD25226-7809-4F06-BDA6-C463621F3732}"
EndProject
Project("{FAE04EC0-301F-11D3-BF4B-00C04F79EFBC}") = "Ordering.Domain", "Services\Ordering\Ordering.Domain\Ordering.Domain.csproj", "{09628169-D710-4B30-B399-22A039E4015E}"
EndProject
Project("{FAE04EC0-301F-11D3-BF4B-00C04F79EFBC}") = "Ordering.Application", "Services\Ordering\Ordering.Application\Ordering.Application.csproj", "{D29D87DA-09D3-4819-9BB6-B086AA72632C}"
EndProject
Project("{FAE04EC0-301F-11D3-BF4B-00C04F79EFBC}") = "Ordering.Infrastructure", "Services\Ordering\Ordering.Infrastructure\Ordering.Infrastructure.csproj", "{01A5F177-39D6-462E-A59E-7172DF6DEB0A}"
EndProject
Global
	GlobalSection(SolutionConfigurationPlatforms) = preSolution
		Debug|Any CPU = Debug|Any CPU
		Release|Any CPU = Release|Any CPU
	EndGlobalSection
	GlobalSection(ProjectConfigurationPlatforms) = postSolution
		{34A8E285-F599-417F-92E7-C6FE730C7ABA}.Debug|Any CPU.ActiveCfg = Debug|Any CPU
		{34A8E285-F599-417F-92E7-C6FE730C7ABA}.Debug|Any CPU.Build.0 = Debug|Any CPU
		{34A8E285-F599-417F-92E7-C6FE730C7ABA}.Release|Any CPU.ActiveCfg = Release|Any CPU
		{34A8E285-F599-417F-92E7-C6FE730C7ABA}.Release|Any CPU.Build.0 = Release|Any CPU
		{355F1649-94DD-47E1-860B-F3F5AB2F7F53}.Debug|Any CPU.ActiveCfg = Debug|Any CPU
		{355F1649-94DD-47E1-860B-F3F5AB2F7F53}.Debug|Any CPU.Build.0 = Debug|Any CPU
		{355F1649-94DD-47E1-860B-F3F5AB2F7F53}.Release|Any CPU.ActiveCfg = Release|Any CPU
		{355F1649-94DD-47E1-860B-F3F5AB2F7F53}.Release|Any CPU.Build.0 = Release|Any CPU
		{8C70D1AB-DAD6-4FCB-A0A0-64D9699264A5}.Debug|Any CPU.ActiveCfg = Debug|Any CPU
		{8C70D1AB-DAD6-4FCB-A0A0-64D9699264A5}.Debug|Any CPU.Build.0 = Debug|Any CPU
		{8C70D1AB-DAD6-4FCB-A0A0-64D9699264A5}.Release|Any CPU.ActiveCfg = Release|Any CPU
		{8C70D1AB-DAD6-4FCB-A0A0-64D9699264A5}.Release|Any CPU.Build.0 = Release|Any CPU
		{BC235547-5585-4C54-B8BD-1940E3B51718}.Debug|Any CPU.ActiveCfg = Debug|Any CPU
		{BC235547-5585-4C54-B8BD-1940E3B51718}.Debug|Any CPU.Build.0 = Debug|Any CPU
		{BC235547-5585-4C54-B8BD-1940E3B51718}.Release|Any CPU.ActiveCfg = Release|Any CPU
		{BC235547-5585-4C54-B8BD-1940E3B51718}.Release|Any CPU.Build.0 = Release|Any CPU
		{E1F305EB-4C56-4C34-8B89-4AF350574B81}.Debug|Any CPU.ActiveCfg = Debug|Any CPU
		{E1F305EB-4C56-4C34-8B89-4AF350574B81}.Debug|Any CPU.Build.0 = Debug|Any CPU
		{E1F305EB-4C56-4C34-8B89-4AF350574B81}.Release|Any CPU.ActiveCfg = Release|Any CPU
		{E1F305EB-4C56-4C34-8B89-4AF350574B81}.Release|Any CPU.Build.0 = Release|Any CPU
		{6CD25226-7809-4F06-BDA6-C463621F3732}.Debug|Any CPU.ActiveCfg = Debug|Any CPU
		{6CD25226-7809-4F06-BDA6-C463621F3732}.Debug|Any CPU.Build.0 = Debug|Any CPU
		{6CD25226-7809-4F06-BDA6-C463621F3732}.Release|Any CPU.ActiveCfg = Release|Any CPU
		{6CD25226-7809-4F06-BDA6-C463621F3732}.Release|Any CPU.Build.0 = Release|Any CPU
		{09628169-D710-4B30-B399-22A039E4015E}.Debug|Any CPU.ActiveCfg = Debug|Any CPU
		{09628169-D710-4B30-B399-22A039E4015E}.Debug|Any CPU.Build.0 = Debug|Any CPU
		{09628169-D710-4B30-B399-22A039E4015E}.Release|Any CPU.ActiveCfg = Release|Any CPU
		{09628169-D710-4B30-B399-22A039E4015E}.Release|Any CPU.Build.0 = Release|Any CPU
		{D29D87DA-09D3-4819-9BB6-B086AA72632C}.Debug|Any CPU.ActiveCfg = Debug|Any CPU
		{D29D87DA-09D3-4819-9BB6-B086AA72632C}.Debug|Any CPU.Build.0 = Debug|Any CPU
		{D29D87DA-09D3-4819-9BB6-B086AA72632C}.Release|Any CPU.ActiveCfg = Release|Any CPU
		{D29D87DA-09D3-4819-9BB6-B086AA72632C}.Release|Any CPU.Build.0 = Release|Any CPU
		{01A5F177-39D6-462E-A59E-7172DF6DEB0A}.Debug|Any CPU.ActiveCfg = Debug|Any CPU
		{01A5F177-39D6-462E-A59E-7172DF6DEB0A}.Debug|Any CPU.Build.0 = Debug|Any CPU
		{01A5F177-39D6-462E-A59E-7172DF6DEB0A}.Release|Any CPU.ActiveCfg = Release|Any CPU
		{01A5F177-39D6-462E-A59E-7172DF6DEB0A}.Release|Any CPU.Build.0 = Release|Any CPU
	EndGlobalSection
	GlobalSection(SolutionProperties) = preSolution
		HideSolutionNode = FALSE
	EndGlobalSection
	GlobalSection(NestedProjects) = preSolution
		{3BDC04A1-85B9-48A9-8498-A062F6415AFD} = {DA949142-862A-488F-9080-2F02E0003C64}
		{34A8E285-F599-417F-92E7-C6FE730C7ABA} = {3BDC04A1-85B9-48A9-8498-A062F6415AFD}
		{F8AA97EF-270E-4CBF-83BF-F31F5B4E30D4} = {DA949142-862A-488F-9080-2F02E0003C64}
		{8C70D1AB-DAD6-4FCB-A0A0-64D9699264A5} = {F8AA97EF-270E-4CBF-83BF-F31F5B4E30D4}
		{BD2712D0-FAC1-4EE4-83A2-F296F2852552} = {DA949142-862A-488F-9080-2F02E0003C64}
		{BC235547-5585-4C54-B8BD-1940E3B51718} = {BD2712D0-FAC1-4EE4-83A2-F296F2852552}
		{E1F305EB-4C56-4C34-8B89-4AF350574B81} = {BD2712D0-FAC1-4EE4-83A2-F296F2852552}
		{D5772475-7C04-44E3-B0FC-9EA31275C148} = {DA949142-862A-488F-9080-2F02E0003C64}
		{6CD25226-7809-4F06-BDA6-C463621F3732} = {D5772475-7C04-44E3-B0FC-9EA31275C148}
		{09628169-D710-4B30-B399-22A039E4015E} = {D5772475-7C04-44E3-B0FC-9EA31275C148}
		{D29D87DA-09D3-4819-9BB6-B086AA72632C} = {D5772475-7C04-44E3-B0FC-9EA31275C148}
		{01A5F177-39D6-462E-A59E-7172DF6DEB0A} = {D5772475-7C04-44E3-B0FC-9EA31275C148}
	EndGlobalSection
	GlobalSection(ExtensibilityGlobals) = postSolution
		SolutionGuid = {6E8B0512-00F3-4888-AA9B-D9D985046B56}
	EndGlobalSection
EndGlobal
